PODS:
  - Flutter (1.0.0)
  - honeywell_scanner (0.0.1):
    - Flutter

DEPENDENCIES:
  - Flutter (from `.symlinks/flutter/ios`)
  - honeywell_scanner (from `.symlinks/plugins/honeywell_scanner/ios`)

EXTERNAL SOURCES:
  Flutter:
    :path: ".symlinks/flutter/ios"
  honeywell_scanner:
    :path: ".symlinks/plugins/honeywell_scanner/ios"

SPEC CHECKSUMS:
  Flutter: 0e3d915762c693b495b44d77113d4970485de6ec
  honeywell_scanner: cbf027357b7bda850d97fe05b66a060b52f26515

PODFILE CHECKSUM: b6a0a141693093b304368d08511b46cf3d1d0ac5

COCOAPODS: 1.8.4
